{
  "requires": true,
  "lockfileVersion": 1,
  "dependencies": {
    "exit-on-epipe": {
      "version": "1.0.1",
      "resolved": "https://registry.npmjs.org/exit-on-epipe/-/exit-on-epipe-1.0.1.tgz",
      "integrity": "sha512-h2z5mrROTxce56S+pnvAV890uu7ls7f1kEvVGJbw1OlFH3/mlJ5bkXu0KRyW94v37zzHPiUd55iLn3DA7TjWpw=="
    },
    "jetty": {
      "version": "https://registry.npmjs.org/jetty/-/jetty-0.2.1.tgz",
      "integrity": "sha1-mvJV7+S74zKWrPYxZeO/GBZnhZM="
    },
    "keypress": {
      "version": "https://registry.npmjs.org/keypress/-/keypress-0.2.1.tgz",
      "integrity": "sha1-HoBFQlABjbrUw/6USX1uZ7YmnHc="
    }
  }
}
